
Microsoft Visual Studio Solution File, Format Version 12.00
# Visual Studio Version 17
VisualStudioVersion = 17.9.34728.123
MinimumVisualStudioVersion = 10.0.40219.1
Project("{FAE04EC0-301F-11D3-BF4B-00C04F79EFBC}") = "Paso3_Ejercicio#5", "Paso3_Ejercicio#5\Paso3_Ejercicio#5.csproj", "{A6C46BE7-580D-4C7B-A9C5-0BAFC3B3F68B}"
EndProject
Global
	GlobalSection(SolutionConfigurationPlatforms) = preSolution
		Debug|Any CPU = Debug|Any CPU
		Release|Any CPU = Release|Any CPU
	EndGlobalSection
	GlobalSection(ProjectConfigurationPlatforms) = postSolution
		{A6C46BE7-580D-4C7B-A9C5-0BAFC3B3F68B}.Debug|Any CPU.ActiveCfg = Debug|Any CPU
		{A6C46BE7-580D-4C7B-A9C5-0BAFC3B3F68B}.Debug|Any CPU.Build.0 = Debug|Any CPU
		{A6C46BE7-580D-4C7B-A9C5-0BAFC3B3F68B}.Release|Any CPU.ActiveCfg = Release|Any CPU
		{A6C46BE7-580D-4C7B-A9C5-0BAFC3B3F68B}.Release|Any CPU.Build.0 = Release|Any CPU
	EndGlobalSection
	GlobalSection(SolutionProperties) = preSolution
		HideSolutionNode = FALSE
	EndGlobalSection
	GlobalSection(ExtensibilityGlobals) = postSolution
		SolutionGuid = {C71CC52F-D2CF-470C-BB13-4DF19DBE7F5D}
	EndGlobalSection
EndGlobal
